# This file was autogenerated by Stack.
# You should not edit this file by hand.
# For more information, please see the documentation at:
#   https://docs.haskellstack.org/en/stable/lock_files

packages:
- completed:
    cabal-file:
      size: 3992
      sha256: b106431ca402e655b43fa0bc1ab90684c6916ef2c2775b83d9906dc27f0ef956
    name: exalog-engine
    version: 0.1.0.0
    git: https://github.com/madgen/exalog.git
    pantry-tree:
      size: 3742
      sha256: 261eaa50645f65e1821f7d218a47b15fe45ccc3d952daf43ba4bf6eb09d9f3e8
    commit: 9fd27ce7d93086e082944c8bcc9b117cbcdf9145
  original:
    git: https://github.com/madgen/exalog.git
    commit: 9fd27ce7d93086e082944c8bcc9b117cbcdf9145
snapshots:
- completed:
    size: 529130
    url: https://raw.githubusercontent.com/commercialhaskell/stackage-snapshots/master/nightly/2019/9/16.yaml
    sha256: a8c2355f4f1c46896e5c32aa0b576bbacf0677ff8a164333fa29733d39c3cf4f
  original: nightly-2019-09-16
